
Microsoft Visual Studio Solution File, Format Version 12.00
# Visual Studio Version 17
VisualStudioVersion = 17.6.33829.357
MinimumVisualStudioVersion = 10.0.40219.1
Project("{FAE04EC0-301F-11D3-BF4B-00C04F79EFBC}") = "FIT5032_MyViewModel", "FIT5032_MyViewModel\FIT5032_MyViewModel.csproj", "{369FF8B0-702B-4201-A8B9-40C74D01134F}"
EndProject
Global
	GlobalSection(SolutionConfigurationPlatforms) = preSolution
		Debug|Any CPU = Debug|Any CPU
		Release|Any CPU = Release|Any CPU
	EndGlobalSection
	GlobalSection(ProjectConfigurationPlatforms) = postSolution
		{369FF8B0-702B-4201-A8B9-40C74D01134F}.Debug|Any CPU.ActiveCfg = Debug|Any CPU
		{369FF8B0-702B-4201-A8B9-40C74D01134F}.Debug|Any CPU.Build.0 = Debug|Any CPU
		{369FF8B0-702B-4201-A8B9-40C74D01134F}.Release|Any CPU.ActiveCfg = Release|Any CPU
		{369FF8B0-702B-4201-A8B9-40C74D01134F}.Release|Any CPU.Build.0 = Release|Any CPU
	EndGlobalSection
	GlobalSection(SolutionProperties) = preSolution
		HideSolutionNode = FALSE
	EndGlobalSection
	GlobalSection(ExtensibilityGlobals) = postSolution
		SolutionGuid = {D29CAA83-0CD0-4CA4-976D-DF09D1C44562}
	EndGlobalSection
EndGlobal
